
Microsoft Visual Studio Solution File, Format Version 12.00
# Visual Studio Version 17
VisualStudioVersion = 17.11.35312.102
MinimumVisualStudioVersion = 10.0.40219.1
Project("{FAE04EC0-301F-11D3-BF4B-00C04F79EFBC}") = "DesafioPraticoGerenciadorDeLivraria", "DesafioPraticoGerenciadorDeLivraria.csproj", "{D02D9AE4-8C69-42DA-84E2-DD82CB248776}"
EndProject
Global
	GlobalSection(SolutionConfigurationPlatforms) = preSolution
		Debug|Any CPU = Debug|Any CPU
		Release|Any CPU = Release|Any CPU
	EndGlobalSection
	GlobalSection(ProjectConfigurationPlatforms) = postSolution
		{D02D9AE4-8C69-42DA-84E2-DD82CB248776}.Debug|Any CPU.ActiveCfg = Debug|Any CPU
		{D02D9AE4-8C69-42DA-84E2-DD82CB248776}.Debug|Any CPU.Build.0 = Debug|Any CPU
		{D02D9AE4-8C69-42DA-84E2-DD82CB248776}.Release|Any CPU.ActiveCfg = Release|Any CPU
		{D02D9AE4-8C69-42DA-84E2-DD82CB248776}.Release|Any CPU.Build.0 = Release|Any CPU
	EndGlobalSection
	GlobalSection(SolutionProperties) = preSolution
		HideSolutionNode = FALSE
	EndGlobalSection
	GlobalSection(ExtensibilityGlobals) = postSolution
		SolutionGuid = {DCBA555D-6B74-4042-89EC-02E2DF5D9BCB}
	EndGlobalSection
EndGlobal
